
Microsoft Visual Studio Solution File, Format Version 12.00
# Visual Studio Version 17
VisualStudioVersion = 17.7.34009.444
MinimumVisualStudioVersion = 10.0.40219.1
Project("{9A19103F-16F7-4668-BE54-9A1E7A4F7556}") = "BlazorServerDatabaseTutorial", "BlazorServerDatabaseTutorial.csproj", "{C50618D0-CB16-464D-9F9D-CC3149C8372D}"
EndProject
Global
	GlobalSection(SolutionConfigurationPlatforms) = preSolution
		Debug|Any CPU = Debug|Any CPU
		Release|Any CPU = Release|Any CPU
	EndGlobalSection
	GlobalSection(ProjectConfigurationPlatforms) = postSolution
		{C50618D0-CB16-464D-9F9D-CC3149C8372D}.Debug|Any CPU.ActiveCfg = Debug|Any CPU
		{C50618D0-CB16-464D-9F9D-CC3149C8372D}.Debug|Any CPU.Build.0 = Debug|Any CPU
		{C50618D0-CB16-464D-9F9D-CC3149C8372D}.Release|Any CPU.ActiveCfg = Release|Any CPU
		{C50618D0-CB16-464D-9F9D-CC3149C8372D}.Release|Any CPU.Build.0 = Release|Any CPU
	EndGlobalSection
	GlobalSection(SolutionProperties) = preSolution
		HideSolutionNode = FALSE
	EndGlobalSection
	GlobalSection(ExtensibilityGlobals) = postSolution
		SolutionGuid = {F3EACB43-CB1E-46EA-9EA9-6DA85B3A3AD0}
	EndGlobalSection
EndGlobal
